
Microsoft Visual Studio Solution File, Format Version 12.00
# Visual Studio 15
VisualStudioVersion = 15.0.28307.1231
MinimumVisualStudioVersion = 10.0.40219.1
Project("{8BC9CEB8-8B4A-11D0-8D11-00A0C91BC942}") = "laba 6", "laba 6\laba 6.vcxproj", "{01894604-E5C0-426E-9317-C51AB99B44B7}"
EndProject
Global
	GlobalSection(SolutionConfigurationPlatforms) = preSolution
		Debug|x64 = Debug|x64
		Debug|x86 = Debug|x86
		Release|x64 = Release|x64
		Release|x86 = Release|x86
	EndGlobalSection
	GlobalSection(ProjectConfigurationPlatforms) = postSolution
		{01894604-E5C0-426E-9317-C51AB99B44B7}.Debug|x64.ActiveCfg = Debug|x64
		{01894604-E5C0-426E-9317-C51AB99B44B7}.Debug|x64.Build.0 = Debug|x64
		{01894604-E5C0-426E-9317-C51AB99B44B7}.Debug|x86.ActiveCfg = Debug|Win32
		{01894604-E5C0-426E-9317-C51AB99B44B7}.Debug|x86.Build.0 = Debug|Win32
		{01894604-E5C0-426E-9317-C51AB99B44B7}.Release|x64.ActiveCfg = Release|x64
		{01894604-E5C0-426E-9317-C51AB99B44B7}.Release|x64.Build.0 = Release|x64
		{01894604-E5C0-426E-9317-C51AB99B44B7}.Release|x86.ActiveCfg = Release|Win32
		{01894604-E5C0-426E-9317-C51AB99B44B7}.Release|x86.Build.0 = Release|Win32
	EndGlobalSection
	GlobalSection(SolutionProperties) = preSolution
		HideSolutionNode = FALSE
	EndGlobalSection
	GlobalSection(ExtensibilityGlobals) = postSolution
		SolutionGuid = {2B324D02-1B56-4319-9C8F-4D69F045D4B1}
	EndGlobalSection
EndGlobal
